
Microsoft Visual Studio Solution File, Format Version 12.00
# Visual Studio Version 16
VisualStudioVersion = 16.0.31424.327
MinimumVisualStudioVersion = 10.0.40219.1
Project("{FAE04EC0-301F-11D3-BF4B-00C04F79EFBC}") = "ConsoleApp", "ConsoleApp\ConsoleApp.csproj", "{E9AC9CF1-7A84-42CE-A255-79AC26F5DCFD}"
EndProject
Project("{FAE04EC0-301F-11D3-BF4B-00C04F79EFBC}") = "Models", "Models\Models.csproj", "{76AC8CFC-D816-4B73-B493-2F408BDDB474}"
EndProject
Project("{FAE04EC0-301F-11D3-BF4B-00C04F79EFBC}") = "Services.Interfaces", "Services.Interfaces\Services.Interfaces.csproj", "{112AB1B4-A070-4E16-A7B8-9D7DAEB70079}"
EndProject
Project("{FAE04EC0-301F-11D3-BF4B-00C04F79EFBC}") = "Services", "Services\Services.csproj", "{DEC5970A-8325-4ED1-A91A-993882E9CBFD}"
EndProject
Project("{FAE04EC0-301F-11D3-BF4B-00C04F79EFBC}") = "DelegatesConsoleApp", "DelegatesConsoleApp\DelegatesConsoleApp.csproj", "{D863A297-41B8-408F-86B2-4953A59FA307}"
EndProject
Global
	GlobalSection(SolutionConfigurationPlatforms) = preSolution
		Debug|Any CPU = Debug|Any CPU
		Release|Any CPU = Release|Any CPU
	EndGlobalSection
	GlobalSection(ProjectConfigurationPlatforms) = postSolution
		{E9AC9CF1-7A84-42CE-A255-79AC26F5DCFD}.Debug|Any CPU.ActiveCfg = Debug|Any CPU
		{E9AC9CF1-7A84-42CE-A255-79AC26F5DCFD}.Debug|Any CPU.Build.0 = Debug|Any CPU
		{E9AC9CF1-7A84-42CE-A255-79AC26F5DCFD}.Release|Any CPU.ActiveCfg = Release|Any CPU
		{E9AC9CF1-7A84-42CE-A255-79AC26F5DCFD}.Release|Any CPU.Build.0 = Release|Any CPU
		{76AC8CFC-D816-4B73-B493-2F408BDDB474}.Debug|Any CPU.ActiveCfg = Debug|Any CPU
		{76AC8CFC-D816-4B73-B493-2F408BDDB474}.Debug|Any CPU.Build.0 = Debug|Any CPU
		{76AC8CFC-D816-4B73-B493-2F408BDDB474}.Release|Any CPU.ActiveCfg = Release|Any CPU
		{76AC8CFC-D816-4B73-B493-2F408BDDB474}.Release|Any CPU.Build.0 = Release|Any CPU
		{112AB1B4-A070-4E16-A7B8-9D7DAEB70079}.Debug|Any CPU.ActiveCfg = Debug|Any CPU
		{112AB1B4-A070-4E16-A7B8-9D7DAEB70079}.Debug|Any CPU.Build.0 = Debug|Any CPU
		{112AB1B4-A070-4E16-A7B8-9D7DAEB70079}.Release|Any CPU.ActiveCfg = Release|Any CPU
		{112AB1B4-A070-4E16-A7B8-9D7DAEB70079}.Release|Any CPU.Build.0 = Release|Any CPU
		{DEC5970A-8325-4ED1-A91A-993882E9CBFD}.Debug|Any CPU.ActiveCfg = Debug|Any CPU
		{DEC5970A-8325-4ED1-A91A-993882E9CBFD}.Debug|Any CPU.Build.0 = Debug|Any CPU
		{DEC5970A-8325-4ED1-A91A-993882E9CBFD}.Release|Any CPU.ActiveCfg = Release|Any CPU
		{DEC5970A-8325-4ED1-A91A-993882E9CBFD}.Release|Any CPU.Build.0 = Release|Any CPU
		{D863A297-41B8-408F-86B2-4953A59FA307}.Debug|Any CPU.ActiveCfg = Debug|Any CPU
		{D863A297-41B8-408F-86B2-4953A59FA307}.Debug|Any CPU.Build.0 = Debug|Any CPU
		{D863A297-41B8-408F-86B2-4953A59FA307}.Release|Any CPU.ActiveCfg = Release|Any CPU
		{D863A297-41B8-408F-86B2-4953A59FA307}.Release|Any CPU.Build.0 = Release|Any CPU
	EndGlobalSection
	GlobalSection(SolutionProperties) = preSolution
		HideSolutionNode = FALSE
	EndGlobalSection
	GlobalSection(ExtensibilityGlobals) = postSolution
		SolutionGuid = {EB298BF4-90F3-4384-AFA7-B7A1C3D9D5D7}
	EndGlobalSection
EndGlobal
